<?xml version="1.0" encoding="utf-8"?>
<Project ToolsVersion="4.0" xmlns="http://schemas.microsoft.com/developer/msbuild/2003">
  <ItemGroup>
    <Filter Include="Source Files">
      <UniqueIdentifier>{4FC737F1-C7A5-4376-A066-2A32D752A2FF}</UniqueIdentifier>
      <Extensions>cpp;c;cc;cxx;def;odl;idl;hpj;bat;asm;asmx</Extensions>
    </Filter>
    <Filter Include="Header Files">
      <UniqueIdentifier>{93995380-89BD-4b04-88EB-625FBE52EBFB}</UniqueIdentifier>
      <Extensions>h;hh;hpp;hxx;hm;inl;inc;xsd</Extensions>
    </Filter>
    <Filter Include="FSM">
      <UniqueIdentifier>{30c188d0-1daf-4280-a4db-5a608eaedc21}</UniqueIdentifier>
    </Filter>
    <Filter Include="SceneSP">
      <UniqueIdentifier>{94c0f1e9-62ab-4ec6-866a-2f858257b69c}</UniqueIdentifier>
    </Filter>
    <Filter Include="Camera">
      <UniqueIdentifier>{d5532570-7ef4-4f13-899a-6f12d9494798}</UniqueIdentifier>
    </Filter>
    <Filter Include="Messaging">
      <UniqueIdentifier>{ac3f5102-4cec-49d1-87f5-99487ff18970}</UniqueIdentifier>
    </Filter>
    <Filter Include="GameObjects">
      <UniqueIdentifier>{d4065c97-5426-4698-b511-bd373995b920}</UniqueIdentifier>
    </Filter>
    <Filter Include="MousePicker">
      <UniqueIdentifier>{1cd3ac04-e60b-4d78-9708-b14e62501c6d}</UniqueIdentifier>
    </Filter>
  </ItemGroup>
  <ItemGroup>
    <ClCompile Include="Source\Application.cpp">
      <Filter>Source Files</Filter>
    </ClCompile>
    <ClCompile Include="Source\LoadOBJ.cpp">
      <Filter>Source Files</Filter>
    </ClCompile>
    <ClCompile Include="Source\LoadTGA.cpp">
      <Filter>Source Files</Filter>
    </ClCompile>
    <ClCompile Include="Source\main.cpp">
      <Filter>Source Files</Filter>
    </ClCompile>
    <ClCompile Include="Source\Mesh.cpp">
      <Filter>Source Files</Filter>
    </ClCompile>
    <ClCompile Include="Source\MeshBuilder.cpp">
      <Filter>Source Files</Filter>
    </ClCompile>
    <ClCompile Include="Source\SceneBase.cpp">
      <Filter>Source Files</Filter>
    </ClCompile>
    <ClCompile Include="Source\shader.cpp">
      <Filter>Source Files</Filter>
    </ClCompile>
    <ClCompile Include="Source\Utility.cpp">
      <Filter>Source Files</Filter>
    </ClCompile>
    <ClCompile Include="Source\SceneData.cpp">
      <Filter>Source Files</Filter>
    </ClCompile>
    <ClCompile Include="Source\Maze.cpp">
      <Filter>Source Files</Filter>
    </ClCompile>
    <ClCompile Include="Source\Graph.cpp">
      <Filter>Source Files</Filter>
    </ClCompile>
    <ClCompile Include="Source\ProjectileManager.cpp">
      <Filter>Source Files</Filter>
    </ClCompile>
    <ClCompile Include="Source\Projectiles.cpp">
      <Filter>Source Files</Filter>
    </ClCompile>
    <ClCompile Include="Source\SMManager.cpp">
      <Filter>FSM</Filter>
    </ClCompile>
    <ClCompile Include="Source\SceneSP.cpp">
      <Filter>SceneSP</Filter>
    </ClCompile>
    <ClCompile Include="Source\Camera.cpp">
      <Filter>Camera</Filter>
    </ClCompile>
    <ClCompile Include="Source\PostOffice.cpp">
      <Filter>Messaging</Filter>
    </ClCompile>
    <ClCompile Include="Source\StateMachine.cpp">
      <Filter>FSM</Filter>
    </ClCompile>
    <ClCompile Include="Source\State.cpp">
      <Filter>FSM</Filter>
    </ClCompile>
    <ClCompile Include="Source\GameObject.cpp">
      <Filter>GameObjects</Filter>
    </ClCompile>
    <ClCompile Include="Source\Villager.cpp">
      <Filter>GameObjects</Filter>
    </ClCompile>
    <ClCompile Include="Source\Building.cpp">
      <Filter>GameObjects</Filter>
    </ClCompile>
    <ClCompile Include="Source\ChiefHut.cpp">
      <Filter>GameObjects</Filter>
    </ClCompile>
    <ClCompile Include="Source\MousePicker.cpp">
      <Filter>MousePicker</Filter>
    </ClCompile>
    <ClCompile Include="Source\StateVillager.cpp">
      <Filter>FSM</Filter>
    </ClCompile>
  </ItemGroup>
  <ItemGroup>
    <ClInclude Include="Source\Application.h">
      <Filter>Header Files</Filter>
    </ClInclude>
    <ClInclude Include="Source\Geometry.h">
      <Filter>Header Files</Filter>
    </ClInclude>
    <ClInclude Include="Source\Light.h">
      <Filter>Header Files</Filter>
    </ClInclude>
    <ClInclude Include="Source\LoadOBJ.h">
      <Filter>Header Files</Filter>
    </ClInclude>
    <ClInclude Include="Source\LoadTGA.h">
      <Filter>Header Files</Filter>
    </ClInclude>
    <ClInclude Include="Source\Material.h">
      <Filter>Header Files</Filter>
    </ClInclude>
    <ClInclude Include="Source\Mesh.h">
      <Filter>Header Files</Filter>
    </ClInclude>
    <ClInclude Include="Source\MeshBuilder.h">
      <Filter>Header Files</Filter>
    </ClInclude>
    <ClInclude Include="Source\Scene.h">
      <Filter>Header Files</Filter>
    </ClInclude>
    <ClInclude Include="Source\SceneBase.h">
      <Filter>Header Files</Filter>
    </ClInclude>
    <ClInclude Include="Source\shader.hpp">
      <Filter>Header Files</Filter>
    </ClInclude>
    <ClInclude Include="Source\Utility.h">
      <Filter>Header Files</Filter>
    </ClInclude>
    <ClInclude Include="Source\Vertex.h">
      <Filter>Header Files</Filter>
    </ClInclude>
    <ClInclude Include="Source\SceneData.h">
      <Filter>Header Files</Filter>
    </ClInclude>
    <ClInclude Include="Source\Message.h">
      <Filter>Header Files</Filter>
    </ClInclude>
    <ClInclude Include="Source\Node.h">
      <Filter>Header Files</Filter>
    </ClInclude>
    <ClInclude Include="Source\Maze.h">
      <Filter>Header Files</Filter>
    </ClInclude>
    <ClInclude Include="Source\Graph.h">
      <Filter>Header Files</Filter>
    </ClInclude>
    <ClInclude Include="Source\ProjectileManager.h">
      <Filter>Header Files</Filter>
    </ClInclude>
    <ClInclude Include="Source\Projectiles.h">
      <Filter>Header Files</Filter>
    </ClInclude>
    <ClInclude Include="Source\SMManager.h">
      <Filter>FSM</Filter>
    </ClInclude>
    <ClInclude Include="Source\SceneSP.h">
      <Filter>SceneSP</Filter>
    </ClInclude>
    <ClInclude Include="Source\Camera.h">
      <Filter>Camera</Filter>
    </ClInclude>
    <ClInclude Include="Source\PostOffice.h">
      <Filter>Messaging</Filter>
    </ClInclude>
    <ClInclude Include="Source\StateMachine.h">
      <Filter>FSM</Filter>
    </ClInclude>
    <ClInclude Include="Source\State.h">
      <Filter>FSM</Filter>
    </ClInclude>
    <ClInclude Include="Source\GameObject.h">
      <Filter>GameObjects</Filter>
    </ClInclude>
    <ClInclude Include="Source\ObjectBase.h">
      <Filter>Messaging</Filter>
    </ClInclude>
    <ClInclude Include="Source\ConcreteMessages.h">
      <Filter>Messaging</Filter>
    </ClInclude>
    <ClInclude Include="Source\Villager.h">
      <Filter>GameObjects</Filter>
    </ClInclude>
    <ClInclude Include="Source\Building.h">
      <Filter>GameObjects</Filter>
    </ClInclude>
    <ClInclude Include="Source\ChiefHut.h">
      <Filter>GameObjects</Filter>
    </ClInclude>
    <ClInclude Include="Source\MousePicker.h">
      <Filter>MousePicker</Filter>
    </ClInclude>
    <ClInclude Include="Source\StateVillager.h">
      <Filter>FSM</Filter>
    </ClInclude>
  </ItemGroup>
</Project>