<?xml version="1.0" encoding="utf-8"?>
<Project ToolsVersion="4.0" xmlns="http://schemas.microsoft.com/developer/msbuild/2003">
  <ItemGroup>
    <Filter Include="Source Files">
      <UniqueIdentifier>{4FC737F1-C7A5-4376-A066-2A32D752A2FF}</UniqueIdentifier>
      <Extensions>cpp;c;cc;cxx;def;odl;idl;hpj;bat;asm;asmx</Extensions>
    </Filter>
    <Filter Include="Header Files">
      <UniqueIdentifier>{93995380-89BD-4b04-88EB-625FBE52EBFB}</UniqueIdentifier>
      <Extensions>h;hh;hpp;hxx;hm;inl;inc;xsd</Extensions>
    </Filter>
    <Filter Include="FSM">
      <UniqueIdentifier>{30c188d0-1daf-4280-a4db-5a608eaedc21}</UniqueIdentifier>
    </Filter>
    <Filter Include="Camera">
      <UniqueIdentifier>{d5532570-7ef4-4f13-899a-6f12d9494798}</UniqueIdentifier>
    </Filter>
    <Filter Include="Messaging">
      <UniqueIdentifier>{ac3f5102-4cec-49d1-87f5-99487ff18970}</UniqueIdentifier>
    </Filter>
    <Filter Include="GameObjects">
      <UniqueIdentifier>{d4065c97-5426-4698-b511-bd373995b920}</UniqueIdentifier>
    </Filter>
    <Filter Include="MousePicker">
      <UniqueIdentifier>{1cd3ac04-e60b-4d78-9708-b14e62501c6d}</UniqueIdentifier>
    </Filter>
    <Filter Include="UI">
      <UniqueIdentifier>{db2a3b77-fd41-4a5d-a8f3-7ee3e070880a}</UniqueIdentifier>
    </Filter>
    <Filter Include="UI\UIObjects">
      <UniqueIdentifier>{2bb30c8f-efa6-4d58-ba71-db33898e39e8}</UniqueIdentifier>
    </Filter>
    <Filter Include="VisualEffects">
      <UniqueIdentifier>{8c93193b-7c04-493d-b9a0-6bcf5501bf4e}</UniqueIdentifier>
    </Filter>
    <Filter Include="VisualEffects\EffectObjects">
      <UniqueIdentifier>{dd28bf5a-0711-4aa8-a666-e68a973a9ee6}</UniqueIdentifier>
    </Filter>
    <Filter Include="Scenes">
      <UniqueIdentifier>{94c0f1e9-62ab-4ec6-866a-2f858257b69c}</UniqueIdentifier>
    </Filter>
    <Filter Include="Utilities">
      <UniqueIdentifier>{32bf7f61-9536-41af-8007-edbcfa64efd0}</UniqueIdentifier>
    </Filter>
    <Filter Include="Projectiles">
      <UniqueIdentifier>{178fe942-5751-45cc-968a-83e25fc828ad}</UniqueIdentifier>
    </Filter>
    <Filter Include="Structures">
      <UniqueIdentifier>{17538703-6c13-498a-b470-11e680fb3233}</UniqueIdentifier>
    </Filter>
    <Filter Include="Calamities">
      <UniqueIdentifier>{752e963b-7176-4a6d-93e3-e7ecf0db5188}</UniqueIdentifier>
    </Filter>
    <Filter Include="Calamities\CalamityObjects">
      <UniqueIdentifier>{6b57c052-e220-4a44-9fdd-9c93a682e879}</UniqueIdentifier>
    </Filter>
    <Filter Include="VisualEffects\Animations">
      <UniqueIdentifier>{f1d761f6-10a9-4a2d-9840-3bbdf8b49b6b}</UniqueIdentifier>
    </Filter>
    <Filter Include="GameObjects\Buildings">
      <UniqueIdentifier>{72a24115-e038-4e73-87af-79522c9923b2}</UniqueIdentifier>
    </Filter>
    <Filter Include="GameObjects\Environment">
      <UniqueIdentifier>{521bac4e-c909-4c7f-ac8e-afeb057160de}</UniqueIdentifier>
    </Filter>
    <Filter Include="GameObjects\Other">
      <UniqueIdentifier>{6971df2b-d122-4ff2-a366-f02d17728e40}</UniqueIdentifier>
    </Filter>
    <Filter Include="GameObjects\Calamity">
      <UniqueIdentifier>{69e82d0a-8298-4941-b50a-2c39b1520a3a}</UniqueIdentifier>
    </Filter>
    <Filter Include="SoundEngine">
      <UniqueIdentifier>{f028f189-bb81-4093-b0d9-616547377b6b}</UniqueIdentifier>
    </Filter>
  </ItemGroup>
  <ItemGroup>
    <ClCompile Include="Source\Application.cpp">
      <Filter>Source Files</Filter>
    </ClCompile>
    <ClCompile Include="Source\main.cpp">
      <Filter>Source Files</Filter>
    </ClCompile>
    <ClCompile Include="Source\SMManager.cpp">
      <Filter>FSM</Filter>
    </ClCompile>
    <ClCompile Include="Source\SceneSP.cpp">
      <Filter>Scenes</Filter>
    </ClCompile>
    <ClCompile Include="Source\Camera.cpp">
      <Filter>Camera</Filter>
    </ClCompile>
    <ClCompile Include="Source\PostOffice.cpp">
      <Filter>Messaging</Filter>
    </ClCompile>
    <ClCompile Include="Source\StateMachine.cpp">
      <Filter>FSM</Filter>
    </ClCompile>
    <ClCompile Include="Source\State.cpp">
      <Filter>FSM</Filter>
    </ClCompile>
    <ClCompile Include="Source\GameObject.cpp">
      <Filter>GameObjects</Filter>
    </ClCompile>
    <ClCompile Include="Source\MousePicker.cpp">
      <Filter>MousePicker</Filter>
    </ClCompile>
    <ClCompile Include="Source\StateVillager.cpp">
      <Filter>FSM</Filter>
    </ClCompile>
    <ClCompile Include="Source\UIManager.cpp">
      <Filter>UI</Filter>
    </ClCompile>
    <ClCompile Include="Source\UIBase.cpp">
      <Filter>UI</Filter>
    </ClCompile>
    <ClCompile Include="Source\UIReligionBar.cpp">
      <Filter>UI\UIObjects</Filter>
    </ClCompile>
    <ClCompile Include="Source\EffectManager.cpp">
      <Filter>VisualEffects</Filter>
    </ClCompile>
    <ClCompile Include="Source\EffectBase.cpp">
      <Filter>VisualEffects</Filter>
    </ClCompile>
    <ClCompile Include="Source\EffectTrail.cpp">
      <Filter>VisualEffects\EffectObjects</Filter>
    </ClCompile>
    <ClCompile Include="Source\DepthFBO.cpp">
      <Filter>Utilities</Filter>
    </ClCompile>
    <ClCompile Include="Source\Mesh.cpp">
      <Filter>Utilities</Filter>
    </ClCompile>
    <ClCompile Include="Source\MeshBuilder.cpp">
      <Filter>Utilities</Filter>
    </ClCompile>
    <ClCompile Include="Source\shader.cpp">
      <Filter>Utilities</Filter>
    </ClCompile>
    <ClCompile Include="Source\Utility.cpp">
      <Filter>Utilities</Filter>
    </ClCompile>
    <ClCompile Include="Source\SceneBase.cpp">
      <Filter>Scenes</Filter>
    </ClCompile>
    <ClCompile Include="Source\SceneData.cpp">
      <Filter>Scenes</Filter>
    </ClCompile>
    <ClCompile Include="Source\Projectiles.cpp">
      <Filter>Projectiles</Filter>
    </ClCompile>
    <ClCompile Include="Source\ProjectileManager.cpp">
      <Filter>Projectiles</Filter>
    </ClCompile>
    <ClCompile Include="Source\LoadOBJ.cpp">
      <Filter>Utilities</Filter>
    </ClCompile>
    <ClCompile Include="Source\LoadTGA.cpp">
      <Filter>Utilities</Filter>
    </ClCompile>
    <ClCompile Include="Source\Grid.cpp">
      <Filter>Structures</Filter>
    </ClCompile>
    <ClCompile Include="Source\Graph.cpp">
      <Filter>Structures</Filter>
    </ClCompile>
    <ClCompile Include="Source\Maze.cpp">
      <Filter>Structures</Filter>
    </ClCompile>
    <ClCompile Include="Source\EffectHand.cpp">
      <Filter>VisualEffects\EffectObjects</Filter>
    </ClCompile>
    <ClCompile Include="Source\UIMenuButton.cpp">
      <Filter>UI\UIObjects</Filter>
    </ClCompile>
    <ClCompile Include="Source\Date.cpp">
      <Filter>Source Files</Filter>
    </ClCompile>
    <ClCompile Include="Source\CalamityManager.cpp">
      <Filter>Calamities</Filter>
    </ClCompile>
    <ClCompile Include="Source\CalamityBase.cpp">
      <Filter>Calamities</Filter>
    </ClCompile>
    <ClCompile Include="Source\CalamityEarthquake.cpp">
      <Filter>Calamities\CalamityObjects</Filter>
    </ClCompile>
    <ClCompile Include="Source\UIMessagePopup.cpp">
      <Filter>UI\UIObjects</Filter>
    </ClCompile>
    <ClCompile Include="Source\UIAltarPopup.cpp">
      <Filter>UI\UIObjects</Filter>
    </ClCompile>
    <ClCompile Include="Source\AnimationBase.cpp">
      <Filter>VisualEffects</Filter>
    </ClCompile>
    <ClCompile Include="Source\AnimationJump.cpp">
      <Filter>VisualEffects\Animations</Filter>
    </ClCompile>
    <ClCompile Include="Source\AnimationWalk.cpp">
      <Filter>VisualEffects\Animations</Filter>
    </ClCompile>
    <ClCompile Include="Source\UICoreInfo.cpp">
      <Filter>UI\UIObjects</Filter>
    </ClCompile>
    <ClCompile Include="Source\AnimationPickUp.cpp">
      <Filter>VisualEffects\Animations</Filter>
    </ClCompile>
    <ClCompile Include="Source\UIGameButton.cpp">
      <Filter>UI\UIObjects</Filter>
    </ClCompile>
    <ClCompile Include="Source\UIGameText.cpp">
      <Filter>UI\UIObjects</Filter>
    </ClCompile>
    <ClCompile Include="Source\UIResearchButton.cpp">
      <Filter>UI\UIObjects</Filter>
    </ClCompile>
    <ClCompile Include="Source\Granary.cpp">
      <Filter>GameObjects</Filter>
    </ClCompile>
    <ClCompile Include="Source\WoodShed.cpp">
      <Filter>GameObjects</Filter>
    </ClCompile>
    <ClCompile Include="Source\EffectReticle.cpp">
      <Filter>VisualEffects\EffectObjects</Filter>
    </ClCompile>
    <ClCompile Include="Source\UIOverlay.cpp">
      <Filter>UI\UIObjects</Filter>
    </ClCompile>
    <ClCompile Include="Source\CalamityTsunami.cpp">
      <Filter>Calamities\CalamityObjects</Filter>
    </ClCompile>
    <ClCompile Include="Source\EffectGridWarning.cpp">
      <Filter>VisualEffects\EffectObjects</Filter>
    </ClCompile>
    <ClCompile Include="Source\Granary.cpp">
      <Filter>GameObjects\Buildings</Filter>
    </ClCompile>
    <ClCompile Include="Source\House.cpp">
      <Filter>GameObjects\Buildings</Filter>
    </ClCompile>
    <ClCompile Include="Source\Logs.cpp">
      <Filter>GameObjects\Buildings</Filter>
    </ClCompile>
    <ClCompile Include="Source\Altar.cpp">
      <Filter>GameObjects\Buildings</Filter>
    </ClCompile>
    <ClCompile Include="Source\Building.cpp">
      <Filter>GameObjects\Buildings</Filter>
    </ClCompile>
    <ClCompile Include="Source\ResearchLab.cpp">
      <Filter>GameObjects\Buildings</Filter>
    </ClCompile>
    <ClCompile Include="Source\WoodShed.cpp">
      <Filter>GameObjects\Buildings</Filter>
    </ClCompile>
    <ClCompile Include="Source\ChiefHut.cpp">
      <Filter>GameObjects\Buildings</Filter>
    </ClCompile>
    <ClCompile Include="Source\Bush.cpp">
      <Filter>GameObjects\Environment</Filter>
    </ClCompile>
    <ClCompile Include="Source\Environment.cpp">
      <Filter>GameObjects\Environment</Filter>
    </ClCompile>
    <ClCompile Include="Source\Mountain.cpp">
      <Filter>GameObjects\Environment</Filter>
    </ClCompile>
    <ClCompile Include="Source\Tree.cpp">
      <Filter>GameObjects\Environment</Filter>
    </ClCompile>
    <ClCompile Include="Source\Villager.cpp">
      <Filter>GameObjects\Other</Filter>
    </ClCompile>
    <ClCompile Include="Source\AnimationChopping.cpp">
      <Filter>VisualEffects\Animations</Filter>
    </ClCompile>
    <ClCompile Include="Source\AnimationForage.cpp">
      <Filter>VisualEffects\Animations</Filter>
    </ClCompile>
    <ClCompile Include="Source\AnimationPanic.cpp">
      <Filter>VisualEffects\Animations</Filter>
    </ClCompile>
    <ClCompile Include="Source\AnimationTiredWalk.cpp">
      <Filter>VisualEffects\Animations</Filter>
    </ClCompile>
    <ClCompile Include="Source\EffectMovable.cpp">
      <Filter>VisualEffects</Filter>
    </ClCompile>
    <ClCompile Include="Source\EffectCloud.cpp">
      <Filter>VisualEffects\EffectObjects</Filter>
    </ClCompile>
    <ClCompile Include="Source\AnimationConstructing.cpp">
      <Filter>VisualEffects\Animations</Filter>
    </ClCompile>
    <ClCompile Include="Source\Pig.cpp">
      <Filter>GameObjects\Other</Filter>
    </ClCompile>
    <ClCompile Include="Source\StatePig.cpp">
      <Filter>FSM</Filter>
    </ClCompile>
    <ClCompile Include="Source\Tsunami.cpp">
      <Filter>GameObjects\Calamity</Filter>
    </ClCompile>
    <ClCompile Include="Source\EffectDirt.cpp">
      <Filter>VisualEffects\EffectObjects</Filter>
    </ClCompile>
    <ClCompile Include="Source\CalamityTornado.cpp">
      <Filter>Calamities\CalamityObjects</Filter>
    </ClCompile>
    <ClCompile Include="Source\Tornado.cpp">
      <Filter>GameObjects\Calamity</Filter>
    </ClCompile>
    <ClCompile Include="Source\SoundEngine.cpp">
      <Filter>SoundEngine</Filter>
    </ClCompile>
    <ClCompile Include="Source\EffectRing.cpp">
      <Filter>VisualEffects\EffectObjects</Filter>
    </ClCompile>
    <ClCompile Include="Source\CalamityWorldEnd.cpp">
      <Filter>Calamities\CalamityObjects</Filter>
    </ClCompile>
    <ClCompile Include="Source\CalamityBlizzard.cpp">
      <Filter>Calamities\CalamityObjects</Filter>
    </ClCompile>
  </ItemGroup>
  <ItemGroup>
    <ClInclude Include="Source\Application.h">
      <Filter>Header Files</Filter>
    </ClInclude>
    <ClInclude Include="Source\SMManager.h">
      <Filter>FSM</Filter>
    </ClInclude>
    <ClInclude Include="Source\SceneSP.h">
      <Filter>Scenes</Filter>
    </ClInclude>
    <ClInclude Include="Source\Camera.h">
      <Filter>Camera</Filter>
    </ClInclude>
    <ClInclude Include="Source\PostOffice.h">
      <Filter>Messaging</Filter>
    </ClInclude>
    <ClInclude Include="Source\StateMachine.h">
      <Filter>FSM</Filter>
    </ClInclude>
    <ClInclude Include="Source\State.h">
      <Filter>FSM</Filter>
    </ClInclude>
    <ClInclude Include="Source\GameObject.h">
      <Filter>GameObjects</Filter>
    </ClInclude>
    <ClInclude Include="Source\ObjectBase.h">
      <Filter>Messaging</Filter>
    </ClInclude>
    <ClInclude Include="Source\ConcreteMessages.h">
      <Filter>Messaging</Filter>
    </ClInclude>
    <ClInclude Include="Source\MousePicker.h">
      <Filter>MousePicker</Filter>
    </ClInclude>
    <ClInclude Include="Source\StateVillager.h">
      <Filter>FSM</Filter>
    </ClInclude>
    <ClInclude Include="Source\UIManager.h">
      <Filter>UI</Filter>
    </ClInclude>
    <ClInclude Include="Source\UIBase.h">
      <Filter>UI</Filter>
    </ClInclude>
    <ClInclude Include="Source\UIReligionBar.h">
      <Filter>UI\UIObjects</Filter>
    </ClInclude>
    <ClInclude Include="Source\EffectManager.h">
      <Filter>VisualEffects</Filter>
    </ClInclude>
    <ClInclude Include="Source\EffectBase.h">
      <Filter>VisualEffects</Filter>
    </ClInclude>
    <ClInclude Include="Source\EffectTrail.h">
      <Filter>VisualEffects\EffectObjects</Filter>
    </ClInclude>
    <ClInclude Include="Source\Vertex.h">
      <Filter>Utilities</Filter>
    </ClInclude>
    <ClInclude Include="Source\Utility.h">
      <Filter>Utilities</Filter>
    </ClInclude>
    <ClInclude Include="Source\shader.hpp">
      <Filter>Utilities</Filter>
    </ClInclude>
    <ClInclude Include="Source\MeshBuilder.h">
      <Filter>Utilities</Filter>
    </ClInclude>
    <ClInclude Include="Source\Mesh.h">
      <Filter>Utilities</Filter>
    </ClInclude>
    <ClInclude Include="Source\Material.h">
      <Filter>Utilities</Filter>
    </ClInclude>
    <ClInclude Include="Source\Light.h">
      <Filter>Utilities</Filter>
    </ClInclude>
    <ClInclude Include="Source\DepthFBO.h">
      <Filter>Utilities</Filter>
    </ClInclude>
    <ClInclude Include="Source\Scene.h">
      <Filter>Scenes</Filter>
    </ClInclude>
    <ClInclude Include="Source\SceneBase.h">
      <Filter>Scenes</Filter>
    </ClInclude>
    <ClInclude Include="Source\SceneData.h">
      <Filter>Scenes</Filter>
    </ClInclude>
    <ClInclude Include="Source\ProjectileManager.h">
      <Filter>Projectiles</Filter>
    </ClInclude>
    <ClInclude Include="Source\Projectiles.h">
      <Filter>Projectiles</Filter>
    </ClInclude>
    <ClInclude Include="Source\LoadOBJ.h">
      <Filter>Utilities</Filter>
    </ClInclude>
    <ClInclude Include="Source\LoadTGA.h">
      <Filter>Utilities</Filter>
    </ClInclude>
    <ClInclude Include="Source\Graph.h">
      <Filter>Structures</Filter>
    </ClInclude>
    <ClInclude Include="Source\Grid.h">
      <Filter>Structures</Filter>
    </ClInclude>
    <ClInclude Include="Source\Maze.h">
      <Filter>Structures</Filter>
    </ClInclude>
    <ClInclude Include="Source\Node.h">
      <Filter>Structures</Filter>
    </ClInclude>
    <ClInclude Include="Source\Geometry.h">
      <Filter>Utilities</Filter>
    </ClInclude>
    <ClInclude Include="Source\Message.h">
      <Filter>Utilities</Filter>
    </ClInclude>
    <ClInclude Include="Source\EffectHand.h">
      <Filter>VisualEffects\EffectObjects</Filter>
    </ClInclude>
    <ClInclude Include="Source\UIMenuButton.h">
      <Filter>UI\UIObjects</Filter>
    </ClInclude>
    <ClInclude Include="Source\Date.h">
      <Filter>Header Files</Filter>
    </ClInclude>
    <ClInclude Include="Source\CalamityManager.h">
      <Filter>Calamities</Filter>
    </ClInclude>
    <ClInclude Include="Source\CalamityBase.h">
      <Filter>Calamities</Filter>
    </ClInclude>
    <ClInclude Include="Source\CalamityEarthquake.h">
      <Filter>Calamities\CalamityObjects</Filter>
    </ClInclude>
    <ClInclude Include="Source\UIMessagePopup.h">
      <Filter>UI\UIObjects</Filter>
    </ClInclude>
    <ClInclude Include="Source\UIAltarPopup.h">
      <Filter>UI\UIObjects</Filter>
    </ClInclude>
    <ClInclude Include="Source\AnimationBase.h">
      <Filter>VisualEffects</Filter>
    </ClInclude>
    <ClInclude Include="Source\AnimationJump.h">
      <Filter>VisualEffects\Animations</Filter>
    </ClInclude>
    <ClInclude Include="Source\AnimationWalk.h">
      <Filter>VisualEffects\Animations</Filter>
    </ClInclude>
    <ClInclude Include="Source\UICoreInfo.h">
      <Filter>UI\UIObjects</Filter>
    </ClInclude>
    <ClInclude Include="Source\AnimationPickUp.h">
      <Filter>VisualEffects\Animations</Filter>
    </ClInclude>
    <ClInclude Include="Source\UIGameButton.h">
      <Filter>UI\UIObjects</Filter>
    </ClInclude>
    <ClInclude Include="Source\UIGameText.h">
      <Filter>UI\UIObjects</Filter>
    </ClInclude>
    <ClInclude Include="Source\UIResearchButton.h">
      <Filter>UI\UIObjects</Filter>
    </ClInclude>
    <ClInclude Include="Source\Granary.h">
      <Filter>GameObjects</Filter>
    </ClInclude>
    <ClInclude Include="Source\WoodShed.h">
      <Filter>GameObjects</Filter>
    </ClInclude>
    <ClInclude Include="Source\EffectReticle.h">
      <Filter>VisualEffects\EffectObjects</Filter>
    </ClInclude>
    <ClInclude Include="Source\UIOverlay.h">
      <Filter>UI\UIObjects</Filter>
    </ClInclude>
    <ClInclude Include="Source\CalamityTsunami.h">
      <Filter>Calamities\CalamityObjects</Filter>
    </ClInclude>
    <ClInclude Include="Source\EffectGridWarning.h">
      <Filter>VisualEffects\EffectObjects</Filter>
    </ClInclude>
    <ClInclude Include="Source\Logs.h">
      <Filter>GameObjects\Buildings</Filter>
    </ClInclude>
    <ClInclude Include="Source\Granary.h">
      <Filter>GameObjects\Buildings</Filter>
    </ClInclude>
    <ClInclude Include="Source\House.h">
      <Filter>GameObjects\Buildings</Filter>
    </ClInclude>
    <ClInclude Include="Source\Altar.h">
      <Filter>GameObjects\Buildings</Filter>
    </ClInclude>
    <ClInclude Include="Source\Building.h">
      <Filter>GameObjects\Buildings</Filter>
    </ClInclude>
    <ClInclude Include="Source\ResearchLab.h">
      <Filter>GameObjects\Buildings</Filter>
    </ClInclude>
    <ClInclude Include="Source\WoodShed.h">
      <Filter>GameObjects\Buildings</Filter>
    </ClInclude>
    <ClInclude Include="Source\ChiefHut.h">
      <Filter>GameObjects\Buildings</Filter>
    </ClInclude>
    <ClInclude Include="Source\Bush.h">
      <Filter>GameObjects\Environment</Filter>
    </ClInclude>
    <ClInclude Include="Source\Environment.h">
      <Filter>GameObjects\Environment</Filter>
    </ClInclude>
    <ClInclude Include="Source\Mountain.h">
      <Filter>GameObjects\Environment</Filter>
    </ClInclude>
    <ClInclude Include="Source\Tree.h">
      <Filter>GameObjects\Environment</Filter>
    </ClInclude>
    <ClInclude Include="Source\Villager.h">
      <Filter>GameObjects\Other</Filter>
    </ClInclude>
    <ClInclude Include="Source\AnimationChopping.h">
      <Filter>VisualEffects\Animations</Filter>
    </ClInclude>
    <ClInclude Include="Source\AnimationForage.h">
      <Filter>VisualEffects\Animations</Filter>
    </ClInclude>
    <ClInclude Include="Source\AnimationPanic.h">
      <Filter>VisualEffects\Animations</Filter>
    </ClInclude>
    <ClInclude Include="Source\AnimationTiredWalk.h">
      <Filter>VisualEffects\Animations</Filter>
    </ClInclude>
    <ClInclude Include="Source\EffectMovable.h">
      <Filter>VisualEffects</Filter>
    </ClInclude>
    <ClInclude Include="Source\EffectCloud.h">
      <Filter>VisualEffects\EffectObjects</Filter>
    </ClInclude>
    <ClInclude Include="Source\AnimationConstructing.h">
      <Filter>VisualEffects\Animations</Filter>
    </ClInclude>
    <ClInclude Include="Source\StatePig.h">
      <Filter>FSM</Filter>
    </ClInclude>
    <ClInclude Include="Source\Pig.h">
      <Filter>GameObjects\Other</Filter>
    </ClInclude>
    <ClInclude Include="Source\Tsunami.h">
      <Filter>GameObjects\Calamity</Filter>
    </ClInclude>
    <ClInclude Include="Source\EffectDirt.h">
      <Filter>VisualEffects\EffectObjects</Filter>
    </ClInclude>
    <ClInclude Include="Source\CalamityTornado.h">
      <Filter>Calamities\CalamityObjects</Filter>
    </ClInclude>
    <ClInclude Include="Source\Tornado.h">
      <Filter>GameObjects\Calamity</Filter>
    </ClInclude>
    <ClInclude Include="Source\SoundEngine.h">
      <Filter>SoundEngine</Filter>
    </ClInclude>
    <ClInclude Include="Source\EffectRing.h">
      <Filter>VisualEffects\EffectObjects</Filter>
    </ClInclude>
    <ClInclude Include="Source\CalamityWorldEnd.h">
      <Filter>Calamities\CalamityObjects</Filter>
	</ClInclude>
    <ClInclude Include="Source\CalamityBlizzard.h">
      <Filter>Calamities\CalamityObjects</Filter>
    </ClInclude>
  </ItemGroup>
</Project>